<?xml version="1.0" encoding="utf-8"?>
<Project ToolsVersion="4.0" xmlns="http://schemas.microsoft.com/developer/msbuild/2003">
  <ItemGroup>
    <ClCompile Include="..\demo\demo.c">
      <Filter>demo</Filter>
    </ClCompile>
    <ClCompile Include="..\demo\slider.c">
      <Filter>demo</Filter>
    </ClCompile>
  </ItemGroup>
  <ItemGroup>
    <Filter Include="inc">
      <UniqueIdentifier>{058b27ef-af7b-457d-bb80-7bdd5459bcdb}</UniqueIdentifier>
    </Filter>
    <Filter Include="demo">
      <UniqueIdentifier>{8ad0c671-930a-4b04-a5ef-c2b33fc3db13}</UniqueIdentifier>
    </Filter>
  </ItemGroup>
  <ItemGroup>
    <ClInclude Include="..\inc\app.h">
      <Filter>inc</Filter>
    </ClInclude>
    <ClInclude Include="..\inc\bitmap.h">
      <Filter>inc</Filter>
    </ClInclude>
    <ClInclude Include="..\inc\button.h">
      <Filter>inc</Filter>
    </ClInclude>
    <ClInclude Include="..\inc\color.h">
      <Filter>inc</Filter>
    </ClInclude>
    <ClInclude Include="..\inc\dc.h">
      <Filter>inc</Filter>
    </ClInclude>
    <ClInclude Include="..\inc\font.h">
      <Filter>inc</Filter>
    </ClInclude>
    <ClInclude Include="..\inc\glh.h">
      <Filter>inc</Filter>
    </ClInclude>
    <ClInclude Include="..\inc\rt.h">
      <Filter>inc</Filter>
    </ClInclude>
    <ClInclude Include="..\inc\screen_writer.h">
      <Filter>inc</Filter>
    </ClInclude>
    <ClInclude Include="..\inc\shaders.h">
      <Filter>inc</Filter>
    </ClInclude>
    <ClInclude Include="..\inc\slider.h">
      <Filter>inc</Filter>
    </ClInclude>
    <ClInclude Include="..\inc\stb_inc.h">
      <Filter>inc</Filter>
    </ClInclude>
    <ClInclude Include="..\inc\theme.h">
      <Filter>inc</Filter>
    </ClInclude>
    <ClInclude Include="..\inc\toast.h">
      <Filter>inc</Filter>
    </ClInclude>
    <ClInclude Include="..\inc\ui.h">
      <Filter>inc</Filter>
    </ClInclude>
    <ClInclude Include="..\inc\c.h">
      <Filter>inc</Filter>
    </ClInclude>
    <ClInclude Include="..\inc\btn.h">
      <Filter>inc</Filter>
    </ClInclude>
    <ClInclude Include="..\inc\checkbox.h">
      <Filter>inc</Filter>
    </ClInclude>
    <ClInclude Include="..\demo\slider.h">
      <Filter>demo</Filter>
    </ClInclude>
  </ItemGroup>
</Project>