<?xml version="1.0" encoding="utf-8"?>
<Project ToolsVersion="4.0" xmlns="http://schemas.microsoft.com/developer/msbuild/2003">
  <ItemGroup>
    <ClCompile Include="..\src\demo.c" />
    <ClCompile Include="..\src\common\ui.c">
      <Filter>common</Filter>
    </ClCompile>
    <ClCompile Include="..\src\common\button.c">
      <Filter>common</Filter>
    </ClCompile>
    <ClCompile Include="..\src\common\slider.c">
      <Filter>common</Filter>
    </ClCompile>
    <ClCompile Include="..\src\common\bitmap.c">
      <Filter>common</Filter>
    </ClCompile>
    <ClCompile Include="..\src\common\stb_image.c">
      <Filter>common</Filter>
    </ClCompile>
    <ClCompile Include="..\src\common\stb_font.c">
      <Filter>common</Filter>
    </ClCompile>
    <ClCompile Include="..\src\common\font.c">
      <Filter>common</Filter>
    </ClCompile>
    <ClCompile Include="..\src\common\glh.c">
      <Filter>common</Filter>
    </ClCompile>
    <ClCompile Include="..\src\common\color.c">
      <Filter>common</Filter>
    </ClCompile>
    <ClCompile Include="..\src\common\rt.c">
      <Filter>common</Filter>
    </ClCompile>
    <ClCompile Include="..\src\common\linmath.c">
      <Filter>common</Filter>
    </ClCompile>
    <ClCompile Include="..\src\common\screen_writer.c">
      <Filter>common</Filter>
    </ClCompile>
    <ClCompile Include="..\src\common\dc.c">
      <Filter>common</Filter>
    </ClCompile>
    <ClCompile Include="..\src\common\shaders_gles2.c">
      <Filter>common</Filter>
    </ClCompile>
    <ClCompile Include="..\src\droid\app_droid.c">
      <Filter>droid</Filter>
    </ClCompile>
    <ClCompile Include="..\src\droid\droid_jni.c">
      <Filter>droid</Filter>
    </ClCompile>
    <ClCompile Include="..\src\droid\droid_keys.c">
      <Filter>droid</Filter>
    </ClCompile>
    <ClCompile Include="..\src\common\toast.c">
      <Filter>common</Filter>
    </ClCompile>
  </ItemGroup>
  <ItemGroup>
    <Filter Include="common">
      <UniqueIdentifier>{40799e1b-7400-4dad-ad16-73a4d1d8c742}</UniqueIdentifier>
    </Filter>
    <Filter Include="ext">
      <UniqueIdentifier>{15582b9f-ee22-40fd-a903-1684f7a07d79}</UniqueIdentifier>
    </Filter>
    <Filter Include="droid">
      <UniqueIdentifier>{938debf5-db12-4b42-a90d-7703557ff702}</UniqueIdentifier>
    </Filter>
    <Filter Include="inc">
      <UniqueIdentifier>{058b27ef-af7b-457d-bb80-7bdd5459bcdb}</UniqueIdentifier>
    </Filter>
  </ItemGroup>
  <ItemGroup>
    <ClInclude Include="..\src\ext\stb_rect_pack.h">
      <Filter>ext</Filter>
    </ClInclude>
    <ClInclude Include="..\src\ext\stb_truetype.h">
      <Filter>ext</Filter>
    </ClInclude>
    <ClInclude Include="..\src\ext\linmath.h">
      <Filter>ext</Filter>
    </ClInclude>
    <ClInclude Include="..\src\ext\stb_image.h">
      <Filter>ext</Filter>
    </ClInclude>
    <ClInclude Include="..\src\droid\droid_jni.h">
      <Filter>droid</Filter>
    </ClInclude>
    <ClInclude Include="..\src\droid\droid_keys.h">
      <Filter>droid</Filter>
    </ClInclude>
    <ClInclude Include="..\src\common\ui.h">
      <Filter>inc</Filter>
    </ClInclude>
    <ClInclude Include="..\src\common\stb_inc.h">
      <Filter>inc</Filter>
    </ClInclude>
    <ClInclude Include="..\src\common\slider.h">
      <Filter>inc</Filter>
    </ClInclude>
    <ClInclude Include="..\src\common\shaders.h">
      <Filter>inc</Filter>
    </ClInclude>
    <ClInclude Include="..\src\common\screen_writer.h">
      <Filter>inc</Filter>
    </ClInclude>
    <ClInclude Include="..\src\common\rt.h">
      <Filter>inc</Filter>
    </ClInclude>
    <ClInclude Include="..\src\common\glh.h">
      <Filter>inc</Filter>
    </ClInclude>
    <ClInclude Include="..\src\common\font.h">
      <Filter>inc</Filter>
    </ClInclude>
    <ClInclude Include="..\src\common\dc.h">
      <Filter>inc</Filter>
    </ClInclude>
    <ClInclude Include="..\src\common\gl_inc.h">
      <Filter>inc</Filter>
    </ClInclude>
    <ClInclude Include="..\src\common\color.h">
      <Filter>inc</Filter>
    </ClInclude>
    <ClInclude Include="..\src\common\button.h">
      <Filter>inc</Filter>
    </ClInclude>
    <ClInclude Include="..\src\common\bitmap.h">
      <Filter>inc</Filter>
    </ClInclude>
    <ClInclude Include="..\src\common\app.h">
      <Filter>inc</Filter>
    </ClInclude>
    <ClInclude Include="..\src\common\toast.h">
      <Filter>inc</Filter>
    </ClInclude>
  </ItemGroup>
</Project>