<?xml version="1.0" encoding="utf-8"?>
<Project ToolsVersion="4.0" xmlns="http://schemas.microsoft.com/developer/msbuild/2003">
  <ItemGroup>
    <ClCompile Include="..\src\bitmap.c">
      <Filter>src</Filter>
    </ClCompile>
    <ClCompile Include="..\src\button.c">
      <Filter>src</Filter>
    </ClCompile>
    <ClCompile Include="..\src\color.c">
      <Filter>src</Filter>
    </ClCompile>
    <ClCompile Include="..\src\dc.c">
      <Filter>src</Filter>
    </ClCompile>
    <ClCompile Include="..\src\font.c">
      <Filter>src</Filter>
    </ClCompile>
    <ClCompile Include="..\src\glh.c">
      <Filter>src</Filter>
    </ClCompile>
    <ClCompile Include="..\src\linmath.c">
      <Filter>src</Filter>
    </ClCompile>
    <ClCompile Include="..\src\rt.c">
      <Filter>src</Filter>
    </ClCompile>
    <ClCompile Include="..\src\screen_writer.c">
      <Filter>src</Filter>
    </ClCompile>
    <ClCompile Include="..\src\shaders_gles2.c">
      <Filter>src</Filter>
    </ClCompile>
    <ClCompile Include="..\src\slider.c">
      <Filter>src</Filter>
    </ClCompile>
    <ClCompile Include="..\src\stb_font.c">
      <Filter>src</Filter>
    </ClCompile>
    <ClCompile Include="..\src\stb_image.c">
      <Filter>src</Filter>
    </ClCompile>
    <ClCompile Include="..\src\toast.c">
      <Filter>src</Filter>
    </ClCompile>
    <ClCompile Include="..\src\ui.c">
      <Filter>src</Filter>
    </ClCompile>
    <ClCompile Include="..\src\btn.c">
      <Filter>src</Filter>
    </ClCompile>
    <ClCompile Include="..\src\checkbox.c">
      <Filter>src</Filter>
    </ClCompile>
  </ItemGroup>
  <ItemGroup>
    <Filter Include="ext">
      <UniqueIdentifier>{15582b9f-ee22-40fd-a903-1684f7a07d79}</UniqueIdentifier>
    </Filter>
    <Filter Include="inc">
      <UniqueIdentifier>{058b27ef-af7b-457d-bb80-7bdd5459bcdb}</UniqueIdentifier>
    </Filter>
    <Filter Include="src">
      <UniqueIdentifier>{40799e1b-7400-4dad-ad16-73a4d1d8c742}</UniqueIdentifier>
    </Filter>
  </ItemGroup>
  <ItemGroup>
    <ClInclude Include="..\inc\app.h">
      <Filter>inc</Filter>
    </ClInclude>
    <ClInclude Include="..\inc\bitmap.h">
      <Filter>inc</Filter>
    </ClInclude>
    <ClInclude Include="..\inc\button.h">
      <Filter>inc</Filter>
    </ClInclude>
    <ClInclude Include="..\inc\color.h">
      <Filter>inc</Filter>
    </ClInclude>
    <ClInclude Include="..\inc\dc.h">
      <Filter>inc</Filter>
    </ClInclude>
    <ClInclude Include="..\inc\font.h">
      <Filter>inc</Filter>
    </ClInclude>
    <ClInclude Include="..\inc\glh.h">
      <Filter>inc</Filter>
    </ClInclude>
    <ClInclude Include="..\inc\rt.h">
      <Filter>inc</Filter>
    </ClInclude>
    <ClInclude Include="..\inc\screen_writer.h">
      <Filter>inc</Filter>
    </ClInclude>
    <ClInclude Include="..\inc\shaders.h">
      <Filter>inc</Filter>
    </ClInclude>
    <ClInclude Include="..\inc\slider.h">
      <Filter>inc</Filter>
    </ClInclude>
    <ClInclude Include="..\inc\stb_inc.h">
      <Filter>inc</Filter>
    </ClInclude>
    <ClInclude Include="..\inc\theme.h">
      <Filter>inc</Filter>
    </ClInclude>
    <ClInclude Include="..\inc\toast.h">
      <Filter>inc</Filter>
    </ClInclude>
    <ClInclude Include="..\inc\ui.h">
      <Filter>inc</Filter>
    </ClInclude>
    <ClInclude Include="..\ext\linmath.h">
      <Filter>ext</Filter>
    </ClInclude>
    <ClInclude Include="..\ext\stb_image.h">
      <Filter>ext</Filter>
    </ClInclude>
    <ClInclude Include="..\ext\stb_rect_pack.h">
      <Filter>ext</Filter>
    </ClInclude>
    <ClInclude Include="..\ext\stb_truetype.h">
      <Filter>ext</Filter>
    </ClInclude>
    <ClInclude Include="..\inc\c.h">
      <Filter>inc</Filter>
    </ClInclude>
    <ClInclude Include="..\inc\btn.h">
      <Filter>inc</Filter>
    </ClInclude>
    <ClInclude Include="..\inc\checkbox.h">
      <Filter>inc</Filter>
    </ClInclude>
  </ItemGroup>
</Project>